Microsoft Visual Studio Solution File, Format Version 12.00
# Visual Studio Version 17
VisualStudioVersion = 17.5.2.0
MinimumVisualStudioVersion = 10.0.40219.1
Project("{2150E333-8FDC-42A3-9474-1A3956D46DE8}") = "Delegates", "Delegates", "{9672354E-98A9-400B-26D8-66F669386DB2}"
EndProject
Project("{2150E333-8FDC-42A3-9474-1A3956D46DE8}") = "Events", "Events", "{CDDCADCD-9350-8E22-D67F-1D4576D8025F}"
EndProject
Project("{2150E333-8FDC-42A3-9474-1A3956D46DE8}") = "Interfaces", "Interfaces", "{F950DB2C-3B87-4536-55E6-8585CBA5CF21}"
EndProject
Project("{2150E333-8FDC-42A3-9474-1A3956D46DE8}") = "Lambdas", "Lambdas", "{F6B1647C-7349-B0FF-4920-3CCD5A62CE69}"
EndProject
Project("{2150E333-8FDC-42A3-9474-1A3956D46DE8}") = "Language", "Language", "{6E051E6B-A906-BCCA-FEE1-A422FA22846B}"
EndProject
Project("{2150E333-8FDC-42A3-9474-1A3956D46DE8}") = "PatternMatching", "PatternMatching", "{DFB212CE-4B13-CC64-CE45-D5CD1078CA22}"
EndProject
Project("{FAE04EC0-301F-11D3-BF4B-00C04F79EFBC}") = "AnonymousDelegates", "Delegates\AnonymousDelegates\AnonymousDelegates.csproj", "{4C06EFBA-6149-2CAE-5701-D950B426ACDA}"
EndProject
Project("{FAE04EC0-301F-11D3-BF4B-00C04F79EFBC}") = "BasicDelegates", "Delegates\BasicDelegates\BasicDelegates.csproj", "{95C03326-5488-C04B-B6BA-49B9AABB351C}"
EndProject
Project("{FAE04EC0-301F-11D3-BF4B-00C04F79EFBC}") = "ComposableDelegates", "Delegates\ComposableDelegates\ComposableDelegates.csproj", "{EF06BB0E-5BFD-C99C-E25C-61BE287508E9}"
EndProject
Project("{FAE04EC0-301F-11D3-BF4B-00C04F79EFBC}") = "BasicEvents", "Events\BasicEvents\BasicEvents.csproj", "{CC70E040-7157-BB52-21AD-013537BFDF47}"
EndProject
Project("{FAE04EC0-301F-11D3-BF4B-00C04F79EFBC}") = "ChainedEvents", "Events\ChainedEvents\ChainedEvents.csproj", "{0E5BE626-8473-668E-F6D3-150EC2230AE1}"
EndProject
Project("{FAE04EC0-301F-11D3-BF4B-00C04F79EFBC}") = "EventChallenge", "Events\EventChallenge\EventChallenge.csproj", "{ED287B18-8826-7515-70DE-A04893D95ACB}"
EndProject
Project("{FAE04EC0-301F-11D3-BF4B-00C04F79EFBC}") = "BasicInterfaces", "Interfaces\BasicInterfaces\BasicInterfaces.csproj", "{86215114-F6C7-9078-4051-BE4A19C5419B}"
EndProject
Project("{FAE04EC0-301F-11D3-BF4B-00C04F79EFBC}") = "CastingInterfaces", "Interfaces\CastingInterfaces\CastingInterfaces.csproj", "{451B18C5-067D-4518-5F5B-A982934BA5E3}"
EndProject
Project("{FAE04EC0-301F-11D3-BF4B-00C04F79EFBC}") = "ExplicitInterfaces", "Interfaces\ExplicitInterfaces\ExplicitInterfaces.csproj", "{9CDF128B-847B-6284-C79F-9587A8B8181F}"
EndProject
Project("{FAE04EC0-301F-11D3-BF4B-00C04F79EFBC}") = "MultipleInterfaces", "Interfaces\MultipleInterfaces\MultipleInterfaces.csproj", "{E0805279-8274-FEA2-FEF9-54A64F667210}"
EndProject
Project("{FAE04EC0-301F-11D3-BF4B-00C04F79EFBC}") = "NETInterfaces", "Interfaces\NETInterfaces\NETInterfaces.csproj", "{2A5E3C2B-E00C-CF98-2313-24F5AAF8E961}"
EndProject
Project("{FAE04EC0-301F-11D3-BF4B-00C04F79EFBC}") = "BasicLambdas", "Lambdas\BasicLambdas\BasicLambdas.csproj", "{A048FB3C-7826-0B72-F724-C248773192E2}"
EndProject
Project("{FAE04EC0-301F-11D3-BF4B-00C04F79EFBC}") = "LambdaChallenge", "Lambdas\LambdaChallenge\LambdaChallenge.csproj", "{CD751349-86DA-292D-A15C-39B6E166B66F}"
EndProject
Project("{FAE04EC0-301F-11D3-BF4B-00C04F79EFBC}") = "LambdaDelegates", "Lambdas\LambdaDelegates\LambdaDelegates.csproj", "{06F53963-A382-9EB6-C4C0-AB7F6074EC28}"
EndProject
Project("{FAE04EC0-301F-11D3-BF4B-00C04F79EFBC}") = "DeconstructCustom", "Language\DeconstructCustom\DeconstructCustom.csproj", "{B2FBE8B2-4D39-EE13-598E-9FEFF9C2FBAF}"
EndProject
Project("{FAE04EC0-301F-11D3-BF4B-00C04F79EFBC}") = "DeconstructTuples", "Language\DeconstructTuples\DeconstructTuples.csproj", "{11E60A9F-40F8-0FB2-C873-75A5D7A47708}"
EndProject
Project("{FAE04EC0-301F-11D3-BF4B-00C04F79EFBC}") = "Indexers", "Language\Indexers\Indexers.csproj", "{D51D730E-0D36-791A-E120-354F7BC41CEB}"
EndProject
Project("{FAE04EC0-301F-11D3-BF4B-00C04F79EFBC}") = "IndexesRanges", "Language\IndexesRanges\IndexesRanges.csproj", "{9221E734-70F2-8A3F-44A0-6DAE78473867}"
EndProject
Project("{FAE04EC0-301F-11D3-BF4B-00C04F79EFBC}") = "LiteralNumbers", "Language\LiteralNumbers\LiteralNumbers.csproj", "{3E9A0110-F282-BD5F-675A-424291EA4D0B}"
EndProject
Project("{FAE04EC0-301F-11D3-BF4B-00C04F79EFBC}") = "NullOperator", "Language\NullOperator\NullOperator.csproj", "{9FB186EE-2CB3-624D-FFAF-97FA10404473}"
EndProject
Project("{FAE04EC0-301F-11D3-BF4B-00C04F79EFBC}") = "BasicPatterns", "PatternMatching\BasicPatterns\BasicPatterns.csproj", "{C034BBA1-9325-5576-8C4D-BA4BAD4CD6B8}"
EndProject
Project("{FAE04EC0-301F-11D3-BF4B-00C04F79EFBC}") = "PositionalPatterns", "PatternMatching\PositionalPatterns\PositionalPatterns.csproj", "{236B1F0D-1ACA-5A16-C065-2199BF16B321}"
EndProject
Project("{FAE04EC0-301F-11D3-BF4B-00C04F79EFBC}") = "RelationalPatterns", "PatternMatching\RelationalPatterns\RelationalPatterns.csproj", "{5146E43C-411E-C3F5-26C0-340F7829FBF4}"
EndProject
Project("{FAE04EC0-301F-11D3-BF4B-00C04F79EFBC}") = "SwitchExpr", "PatternMatching\SwitchExpr\SwitchExpr.csproj", "{E62DF07E-74E9-C224-77F0-352489B20668}"
EndProject
Global
	GlobalSection(SolutionConfigurationPlatforms) = preSolution
		Debug|Any CPU = Debug|Any CPU
		Release|Any CPU = Release|Any CPU
	EndGlobalSection
	GlobalSection(ProjectConfigurationPlatforms) = postSolution
		{4C06EFBA-6149-2CAE-5701-D950B426ACDA}.Debug|Any CPU.ActiveCfg = Debug|Any CPU
		{4C06EFBA-6149-2CAE-5701-D950B426ACDA}.Debug|Any CPU.Build.0 = Debug|Any CPU
		{4C06EFBA-6149-2CAE-5701-D950B426ACDA}.Release|Any CPU.ActiveCfg = Release|Any CPU
		{4C06EFBA-6149-2CAE-5701-D950B426ACDA}.Release|Any CPU.Build.0 = Release|Any CPU
		{95C03326-5488-C04B-B6BA-49B9AABB351C}.Debug|Any CPU.ActiveCfg = Debug|Any CPU
		{95C03326-5488-C04B-B6BA-49B9AABB351C}.Debug|Any CPU.Build.0 = Debug|Any CPU
		{95C03326-5488-C04B-B6BA-49B9AABB351C}.Release|Any CPU.ActiveCfg = Release|Any CPU
		{95C03326-5488-C04B-B6BA-49B9AABB351C}.Release|Any CPU.Build.0 = Release|Any CPU
		{EF06BB0E-5BFD-C99C-E25C-61BE287508E9}.Debug|Any CPU.ActiveCfg = Debug|Any CPU
		{EF06BB0E-5BFD-C99C-E25C-61BE287508E9}.Debug|Any CPU.Build.0 = Debug|Any CPU
		{EF06BB0E-5BFD-C99C-E25C-61BE287508E9}.Release|Any CPU.ActiveCfg = Release|Any CPU
		{EF06BB0E-5BFD-C99C-E25C-61BE287508E9}.Release|Any CPU.Build.0 = Release|Any CPU
		{CC70E040-7157-BB52-21AD-013537BFDF47}.Debug|Any CPU.ActiveCfg = Debug|Any CPU
		{CC70E040-7157-BB52-21AD-013537BFDF47}.Debug|Any CPU.Build.0 = Debug|Any CPU
		{CC70E040-7157-BB52-21AD-013537BFDF47}.Release|Any CPU.ActiveCfg = Release|Any CPU
		{CC70E040-7157-BB52-21AD-013537BFDF47}.Release|Any CPU.Build.0 = Release|Any CPU
		{0E5BE626-8473-668E-F6D3-150EC2230AE1}.Debug|Any CPU.ActiveCfg = Debug|Any CPU
		{0E5BE626-8473-668E-F6D3-150EC2230AE1}.Debug|Any CPU.Build.0 = Debug|Any CPU
		{0E5BE626-8473-668E-F6D3-150EC2230AE1}.Release|Any CPU.ActiveCfg = Release|Any CPU
		{0E5BE626-8473-668E-F6D3-150EC2230AE1}.Release|Any CPU.Build.0 = Release|Any CPU
		{ED287B18-8826-7515-70DE-A04893D95ACB}.Debug|Any CPU.ActiveCfg = Debug|Any CPU
		{ED287B18-8826-7515-70DE-A04893D95ACB}.Debug|Any CPU.Build.0 = Debug|Any CPU
		{ED287B18-8826-7515-70DE-A04893D95ACB}.Release|Any CPU.ActiveCfg = Release|Any CPU
		{ED287B18-8826-7515-70DE-A04893D95ACB}.Release|Any CPU.Build.0 = Release|Any CPU
		{86215114-F6C7-9078-4051-BE4A19C5419B}.Debug|Any CPU.ActiveCfg = Debug|Any CPU
		{86215114-F6C7-9078-4051-BE4A19C5419B}.Debug|Any CPU.Build.0 = Debug|Any CPU
		{86215114-F6C7-9078-4051-BE4A19C5419B}.Release|Any CPU.ActiveCfg = Release|Any CPU
		{86215114-F6C7-9078-4051-BE4A19C5419B}.Release|Any CPU.Build.0 = Release|Any CPU
		{451B18C5-067D-4518-5F5B-A982934BA5E3}.Debug|Any CPU.ActiveCfg = Debug|Any CPU
		{451B18C5-067D-4518-5F5B-A982934BA5E3}.Debug|Any CPU.Build.0 = Debug|Any CPU
		{451B18C5-067D-4518-5F5B-A982934BA5E3}.Release|Any CPU.ActiveCfg = Release|Any CPU
		{451B18C5-067D-4518-5F5B-A982934BA5E3}.Release|Any CPU.Build.0 = Release|Any CPU
		{9CDF128B-847B-6284-C79F-9587A8B8181F}.Debug|Any CPU.ActiveCfg = Debug|Any CPU
		{9CDF128B-847B-6284-C79F-9587A8B8181F}.Debug|Any CPU.Build.0 = Debug|Any CPU
		{9CDF128B-847B-6284-C79F-9587A8B8181F}.Release|Any CPU.ActiveCfg = Release|Any CPU
		{9CDF128B-847B-6284-C79F-9587A8B8181F}.Release|Any CPU.Build.0 = Release|Any CPU
		{E0805279-8274-FEA2-FEF9-54A64F667210}.Debug|Any CPU.ActiveCfg = Debug|Any CPU
		{E0805279-8274-FEA2-FEF9-54A64F667210}.Debug|Any CPU.Build.0 = Debug|Any CPU
		{E0805279-8274-FEA2-FEF9-54A64F667210}.Release|Any CPU.ActiveCfg = Release|Any CPU
		{E0805279-8274-FEA2-FEF9-54A64F667210}.Release|Any CPU.Build.0 = Release|Any CPU
		{2A5E3C2B-E00C-CF98-2313-24F5AAF8E961}.Debug|Any CPU.ActiveCfg = Debug|Any CPU
		{2A5E3C2B-E00C-CF98-2313-24F5AAF8E961}.Debug|Any CPU.Build.0 = Debug|Any CPU
		{2A5E3C2B-E00C-CF98-2313-24F5AAF8E961}.Release|Any CPU.ActiveCfg = Release|Any CPU
		{2A5E3C2B-E00C-CF98-2313-24F5AAF8E961}.Release|Any CPU.Build.0 = Release|Any CPU
		{A048FB3C-7826-0B72-F724-C248773192E2}.Debug|Any CPU.ActiveCfg = Debug|Any CPU
		{A048FB3C-7826-0B72-F724-C248773192E2}.Debug|Any CPU.Build.0 = Debug|Any CPU
		{A048FB3C-7826-0B72-F724-C248773192E2}.Release|Any CPU.ActiveCfg = Release|Any CPU
		{A048FB3C-7826-0B72-F724-C248773192E2}.Release|Any CPU.Build.0 = Release|Any CPU
		{CD751349-86DA-292D-A15C-39B6E166B66F}.Debug|Any CPU.ActiveCfg = Debug|Any CPU
		{CD751349-86DA-292D-A15C-39B6E166B66F}.Debug|Any CPU.Build.0 = Debug|Any CPU
		{CD751349-86DA-292D-A15C-39B6E166B66F}.Release|Any CPU.ActiveCfg = Release|Any CPU
		{CD751349-86DA-292D-A15C-39B6E166B66F}.Release|Any CPU.Build.0 = Release|Any CPU
		{06F53963-A382-9EB6-C4C0-AB7F6074EC28}.Debug|Any CPU.ActiveCfg = Debug|Any CPU
		{06F53963-A382-9EB6-C4C0-AB7F6074EC28}.Debug|Any CPU.Build.0 = Debug|Any CPU
		{06F53963-A382-9EB6-C4C0-AB7F6074EC28}.Release|Any CPU.ActiveCfg = Release|Any CPU
		{06F53963-A382-9EB6-C4C0-AB7F6074EC28}.Release|Any CPU.Build.0 = Release|Any CPU
		{B2FBE8B2-4D39-EE13-598E-9FEFF9C2FBAF}.Debug|Any CPU.ActiveCfg = Debug|Any CPU
		{B2FBE8B2-4D39-EE13-598E-9FEFF9C2FBAF}.Debug|Any CPU.Build.0 = Debug|Any CPU
		{B2FBE8B2-4D39-EE13-598E-9FEFF9C2FBAF}.Release|Any CPU.ActiveCfg = Release|Any CPU
		{B2FBE8B2-4D39-EE13-598E-9FEFF9C2FBAF}.Release|Any CPU.Build.0 = Release|Any CPU
		{11E60A9F-40F8-0FB2-C873-75A5D7A47708}.Debug|Any CPU.ActiveCfg = Debug|Any CPU
		{11E60A9F-40F8-0FB2-C873-75A5D7A47708}.Debug|Any CPU.Build.0 = Debug|Any CPU
		{11E60A9F-40F8-0FB2-C873-75A5D7A47708}.Release|Any CPU.ActiveCfg = Release|Any CPU
		{11E60A9F-40F8-0FB2-C873-75A5D7A47708}.Release|Any CPU.Build.0 = Release|Any CPU
		{D51D730E-0D36-791A-E120-354F7BC41CEB}.Debug|Any CPU.ActiveCfg = Debug|Any CPU
		{D51D730E-0D36-791A-E120-354F7BC41CEB}.Debug|Any CPU.Build.0 = Debug|Any CPU
		{D51D730E-0D36-791A-E120-354F7BC41CEB}.Release|Any CPU.ActiveCfg = Release|Any CPU
		{D51D730E-0D36-791A-E120-354F7BC41CEB}.Release|Any CPU.Build.0 = Release|Any CPU
		{9221E734-70F2-8A3F-44A0-6DAE78473867}.Debug|Any CPU.ActiveCfg = Debug|Any CPU
		{9221E734-70F2-8A3F-44A0-6DAE78473867}.Debug|Any CPU.Build.0 = Debug|Any CPU
		{9221E734-70F2-8A3F-44A0-6DAE78473867}.Release|Any CPU.ActiveCfg = Release|Any CPU
		{9221E734-70F2-8A3F-44A0-6DAE78473867}.Release|Any CPU.Build.0 = Release|Any CPU
		{3E9A0110-F282-BD5F-675A-424291EA4D0B}.Debug|Any CPU.ActiveCfg = Debug|Any CPU
		{3E9A0110-F282-BD5F-675A-424291EA4D0B}.Debug|Any CPU.Build.0 = Debug|Any CPU
		{3E9A0110-F282-BD5F-675A-424291EA4D0B}.Release|Any CPU.ActiveCfg = Release|Any CPU
		{3E9A0110-F282-BD5F-675A-424291EA4D0B}.Release|Any CPU.Build.0 = Release|Any CPU
		{9FB186EE-2CB3-624D-FFAF-97FA10404473}.Debug|Any CPU.ActiveCfg = Debug|Any CPU
		{9FB186EE-2CB3-624D-FFAF-97FA10404473}.Debug|Any CPU.Build.0 = Debug|Any CPU
		{9FB186EE-2CB3-624D-FFAF-97FA10404473}.Release|Any CPU.ActiveCfg = Release|Any CPU
		{9FB186EE-2CB3-624D-FFAF-97FA10404473}.Release|Any CPU.Build.0 = Release|Any CPU
		{C034BBA1-9325-5576-8C4D-BA4BAD4CD6B8}.Debug|Any CPU.ActiveCfg = Debug|Any CPU
		{C034BBA1-9325-5576-8C4D-BA4BAD4CD6B8}.Debug|Any CPU.Build.0 = Debug|Any CPU
		{C034BBA1-9325-5576-8C4D-BA4BAD4CD6B8}.Release|Any CPU.ActiveCfg = Release|Any CPU
		{C034BBA1-9325-5576-8C4D-BA4BAD4CD6B8}.Release|Any CPU.Build.0 = Release|Any CPU
		{236B1F0D-1ACA-5A16-C065-2199BF16B321}.Debug|Any CPU.ActiveCfg = Debug|Any CPU
		{236B1F0D-1ACA-5A16-C065-2199BF16B321}.Debug|Any CPU.Build.0 = Debug|Any CPU
		{236B1F0D-1ACA-5A16-C065-2199BF16B321}.Release|Any CPU.ActiveCfg = Release|Any CPU
		{236B1F0D-1ACA-5A16-C065-2199BF16B321}.Release|Any CPU.Build.0 = Release|Any CPU
		{5146E43C-411E-C3F5-26C0-340F7829FBF4}.Debug|Any CPU.ActiveCfg = Debug|Any CPU
		{5146E43C-411E-C3F5-26C0-340F7829FBF4}.Debug|Any CPU.Build.0 = Debug|Any CPU
		{5146E43C-411E-C3F5-26C0-340F7829FBF4}.Release|Any CPU.ActiveCfg = Release|Any CPU
		{5146E43C-411E-C3F5-26C0-340F7829FBF4}.Release|Any CPU.Build.0 = Release|Any CPU
		{E62DF07E-74E9-C224-77F0-352489B20668}.Debug|Any CPU.ActiveCfg = Debug|Any CPU
		{E62DF07E-74E9-C224-77F0-352489B20668}.Debug|Any CPU.Build.0 = Debug|Any CPU
		{E62DF07E-74E9-C224-77F0-352489B20668}.Release|Any CPU.ActiveCfg = Release|Any CPU
		{E62DF07E-74E9-C224-77F0-352489B20668}.Release|Any CPU.Build.0 = Release|Any CPU
	EndGlobalSection
	GlobalSection(SolutionProperties) = preSolution
		HideSolutionNode = FALSE
	EndGlobalSection
	GlobalSection(NestedProjects) = preSolution
		{4C06EFBA-6149-2CAE-5701-D950B426ACDA} = {9672354E-98A9-400B-26D8-66F669386DB2}
		{95C03326-5488-C04B-B6BA-49B9AABB351C} = {9672354E-98A9-400B-26D8-66F669386DB2}
		{EF06BB0E-5BFD-C99C-E25C-61BE287508E9} = {9672354E-98A9-400B-26D8-66F669386DB2}
		{CC70E040-7157-BB52-21AD-013537BFDF47} = {CDDCADCD-9350-8E22-D67F-1D4576D8025F}
		{0E5BE626-8473-668E-F6D3-150EC2230AE1} = {CDDCADCD-9350-8E22-D67F-1D4576D8025F}
		{ED287B18-8826-7515-70DE-A04893D95ACB} = {CDDCADCD-9350-8E22-D67F-1D4576D8025F}
		{86215114-F6C7-9078-4051-BE4A19C5419B} = {F950DB2C-3B87-4536-55E6-8585CBA5CF21}
		{451B18C5-067D-4518-5F5B-A982934BA5E3} = {F950DB2C-3B87-4536-55E6-8585CBA5CF21}
		{9CDF128B-847B-6284-C79F-9587A8B8181F} = {F950DB2C-3B87-4536-55E6-8585CBA5CF21}
		{E0805279-8274-FEA2-FEF9-54A64F667210} = {F950DB2C-3B87-4536-55E6-8585CBA5CF21}
		{2A5E3C2B-E00C-CF98-2313-24F5AAF8E961} = {F950DB2C-3B87-4536-55E6-8585CBA5CF21}
		{A048FB3C-7826-0B72-F724-C248773192E2} = {F6B1647C-7349-B0FF-4920-3CCD5A62CE69}
		{CD751349-86DA-292D-A15C-39B6E166B66F} = {F6B1647C-7349-B0FF-4920-3CCD5A62CE69}
		{06F53963-A382-9EB6-C4C0-AB7F6074EC28} = {F6B1647C-7349-B0FF-4920-3CCD5A62CE69}
		{B2FBE8B2-4D39-EE13-598E-9FEFF9C2FBAF} = {6E051E6B-A906-BCCA-FEE1-A422FA22846B}
		{11E60A9F-40F8-0FB2-C873-75A5D7A47708} = {6E051E6B-A906-BCCA-FEE1-A422FA22846B}
		{D51D730E-0D36-791A-E120-354F7BC41CEB} = {6E051E6B-A906-BCCA-FEE1-A422FA22846B}
		{9221E734-70F2-8A3F-44A0-6DAE78473867} = {6E051E6B-A906-BCCA-FEE1-A422FA22846B}
		{3E9A0110-F282-BD5F-675A-424291EA4D0B} = {6E051E6B-A906-BCCA-FEE1-A422FA22846B}
		{9FB186EE-2CB3-624D-FFAF-97FA10404473} = {6E051E6B-A906-BCCA-FEE1-A422FA22846B}
		{C034BBA1-9325-5576-8C4D-BA4BAD4CD6B8} = {DFB212CE-4B13-CC64-CE45-D5CD1078CA22}
		{236B1F0D-1ACA-5A16-C065-2199BF16B321} = {DFB212CE-4B13-CC64-CE45-D5CD1078CA22}
		{5146E43C-411E-C3F5-26C0-340F7829FBF4} = {DFB212CE-4B13-CC64-CE45-D5CD1078CA22}
		{E62DF07E-74E9-C224-77F0-352489B20668} = {DFB212CE-4B13-CC64-CE45-D5CD1078CA22}
	EndGlobalSection
	GlobalSection(ExtensibilityGlobals) = postSolution
		SolutionGuid = {F345A572-F6F3-47C9-8E41-75F5DE058EDE}
	EndGlobalSection
EndGlobal
